
Microsoft Visual Studio Solution File, Format Version 12.00
# Visual Studio Version 16
VisualStudioVersion = 16.0.29728.190
MinimumVisualStudioVersion = 10.0.40219.1
Project("{FAE04EC0-301F-11D3-BF4B-00C04F79EFBC}") = "AMap3DMapNaviSearchLocationTrackBinding", "AMap3DMapNaviSearchLocationTrackBinding\AMap3DMapNaviSearchLocationTrackBinding.csproj", "{24E3D797-4022-4E29-8359-532045E3F40A}"
EndProject
Global
	GlobalSection(SolutionConfigurationPlatforms) = preSolution
		Debug|Any CPU = Debug|Any CPU
		Release|Any CPU = Release|Any CPU
	EndGlobalSection
	GlobalSection(ProjectConfigurationPlatforms) = postSolution
		{24E3D797-4022-4E29-8359-532045E3F40A}.Debug|Any CPU.ActiveCfg = Debug|Any CPU
		{24E3D797-4022-4E29-8359-532045E3F40A}.Debug|Any CPU.Build.0 = Debug|Any CPU
		{24E3D797-4022-4E29-8359-532045E3F40A}.Release|Any CPU.ActiveCfg = Release|Any CPU
		{24E3D797-4022-4E29-8359-532045E3F40A}.Release|Any CPU.Build.0 = Release|Any CPU
	EndGlobalSection
	GlobalSection(SolutionProperties) = preSolution
		HideSolutionNode = FALSE
	EndGlobalSection
	GlobalSection(ExtensibilityGlobals) = postSolution
		SolutionGuid = {B568FEA8-6ECA-475C-B05E-9459E8F003E6}
	EndGlobalSection
EndGlobal
